
Microsoft Visual Studio Solution File, Format Version 12.00
# Visual Studio Version 17
VisualStudioVersion = 17.5.33414.496
MinimumVisualStudioVersion = 10.0.40219.1
Project("{8BC9CEB8-8B4A-11D0-8D11-00A0C91BC942}") = "ndutil", "ndutil\ndutil.vcxproj", "{DD18C55E-AD58-4881-BAB8-91F41C5410BB}"
EndProject
Project("{8BC9CEB8-8B4A-11D0-8D11-00A0C91BC942}") = "ndtestutil", "examples\ndtestutil\ndtestutil.vcxproj", "{18CF640F-17B3-48AF-A936-84042FF7AC58}"
	ProjectSection(ProjectDependencies) = postProject
		{DD18C55E-AD58-4881-BAB8-91F41C5410BB} = {DD18C55E-AD58-4881-BAB8-91F41C5410BB}
	EndProjectSection
EndProject
Project("{8BC9CEB8-8B4A-11D0-8D11-00A0C91BC942}") = "ndping", "examples\ndping\ndping.vcxproj", "{FD8218C4-7D3A-4EE9-9262-02E9631E7CB6}"
	ProjectSection(ProjectDependencies) = postProject
		{18CF640F-17B3-48AF-A936-84042FF7AC58} = {18CF640F-17B3-48AF-A936-84042FF7AC58}
		{DD18C55E-AD58-4881-BAB8-91F41C5410BB} = {DD18C55E-AD58-4881-BAB8-91F41C5410BB}
	EndProjectSection
EndProject
Project("{8BC9CEB8-8B4A-11D0-8D11-00A0C91BC942}") = "ndadapterinfo", "examples\ndadapterinfo\ndadapterinfo.vcxproj", "{F8BB9B41-CD6B-4C1C-84C1-68D200B19952}"
	ProjectSection(ProjectDependencies) = postProject
		{18CF640F-17B3-48AF-A936-84042FF7AC58} = {18CF640F-17B3-48AF-A936-84042FF7AC58}
		{DD18C55E-AD58-4881-BAB8-91F41C5410BB} = {DD18C55E-AD58-4881-BAB8-91F41C5410BB}
	EndProjectSection
EndProject
Project("{8BC9CEB8-8B4A-11D0-8D11-00A0C91BC942}") = "ndcat", "examples\ndcat\ndcat.vcxproj", "{CB0E86C1-D48A-4A21-B88B-A6EE9734FC67}"
	ProjectSection(ProjectDependencies) = postProject
		{18CF640F-17B3-48AF-A936-84042FF7AC58} = {18CF640F-17B3-48AF-A936-84042FF7AC58}
		{DD18C55E-AD58-4881-BAB8-91F41C5410BB} = {DD18C55E-AD58-4881-BAB8-91F41C5410BB}
	EndProjectSection
EndProject
Project("{8BC9CEB8-8B4A-11D0-8D11-00A0C91BC942}") = "ndmrlat", "examples\ndmrlat\ndmrlat.vcxproj", "{7E8A3354-1EEB-4580-8B07-B9CEDF81F727}"
	ProjectSection(ProjectDependencies) = postProject
		{18CF640F-17B3-48AF-A936-84042FF7AC58} = {18CF640F-17B3-48AF-A936-84042FF7AC58}
		{DD18C55E-AD58-4881-BAB8-91F41C5410BB} = {DD18C55E-AD58-4881-BAB8-91F41C5410BB}
	EndProjectSection
EndProject
Project("{8BC9CEB8-8B4A-11D0-8D11-00A0C91BC942}") = "ndmrrate", "examples\ndmrrate\ndmrrate.vcxproj", "{3906A75A-0C0E-440D-A4FE-F91888425F4C}"
	ProjectSection(ProjectDependencies) = postProject
		{18CF640F-17B3-48AF-A936-84042FF7AC58} = {18CF640F-17B3-48AF-A936-84042FF7AC58}
		{DD18C55E-AD58-4881-BAB8-91F41C5410BB} = {DD18C55E-AD58-4881-BAB8-91F41C5410BB}
	EndProjectSection
EndProject
Project("{8BC9CEB8-8B4A-11D0-8D11-00A0C91BC942}") = "ndpingpong", "examples\ndpingpong\ndpingpong.vcxproj", "{DF2C2C46-F5C9-4E74-A903-67D93D4157A5}"
	ProjectSection(ProjectDependencies) = postProject
		{18CF640F-17B3-48AF-A936-84042FF7AC58} = {18CF640F-17B3-48AF-A936-84042FF7AC58}
		{DD18C55E-AD58-4881-BAB8-91F41C5410BB} = {DD18C55E-AD58-4881-BAB8-91F41C5410BB}
	EndProjectSection
EndProject
Project("{8BC9CEB8-8B4A-11D0-8D11-00A0C91BC942}") = "ndrping", "examples\ndrping\ndrping.vcxproj", "{48E4E74B-9F0C-4B5C-A2BC-EBC4397086F7}"
	ProjectSection(ProjectDependencies) = postProject
		{18CF640F-17B3-48AF-A936-84042FF7AC58} = {18CF640F-17B3-48AF-A936-84042FF7AC58}
		{DD18C55E-AD58-4881-BAB8-91F41C5410BB} = {DD18C55E-AD58-4881-BAB8-91F41C5410BB}
	EndProjectSection
EndProject
Project("{8BC9CEB8-8B4A-11D0-8D11-00A0C91BC942}") = "ndrpingpong", "examples\ndrpingpong\ndrpingpong.vcxproj", "{0A036D35-FEE2-426D-9FC1-3694B8C15418}"
	ProjectSection(ProjectDependencies) = postProject
		{18CF640F-17B3-48AF-A936-84042FF7AC58} = {18CF640F-17B3-48AF-A936-84042FF7AC58}
		{DD18C55E-AD58-4881-BAB8-91F41C5410BB} = {DD18C55E-AD58-4881-BAB8-91F41C5410BB}
	EndProjectSection
EndProject
Project("{8BC9CEB8-8B4A-11D0-8D11-00A0C91BC942}") = "ndconn", "unittests\ndconn\ndconn.vcxproj", "{5C35FC76-6526-4C6C-97A4-957E3A3ADA77}"
	ProjectSection(ProjectDependencies) = postProject
		{18CF640F-17B3-48AF-A936-84042FF7AC58} = {18CF640F-17B3-48AF-A936-84042FF7AC58}
		{DD18C55E-AD58-4881-BAB8-91F41C5410BB} = {DD18C55E-AD58-4881-BAB8-91F41C5410BB}
	EndProjectSection
EndProject
Project("{8BC9CEB8-8B4A-11D0-8D11-00A0C91BC942}") = "ndcq", "unittests\ndcq\ndcq.vcxproj", "{1B9CE6D3-B27A-4E94-9D06-E8493732B0C5}"
	ProjectSection(ProjectDependencies) = postProject
		{18CF640F-17B3-48AF-A936-84042FF7AC58} = {18CF640F-17B3-48AF-A936-84042FF7AC58}
		{DD18C55E-AD58-4881-BAB8-91F41C5410BB} = {DD18C55E-AD58-4881-BAB8-91F41C5410BB}
	EndProjectSection
EndProject
Project("{8BC9CEB8-8B4A-11D0-8D11-00A0C91BC942}") = "ndmemorytest", "unittests\ndmemorytest\ndmemorytest.vcxproj", "{067C13D4-885A-4DB7-BEB9-1DD973E5D959}"
	ProjectSection(ProjectDependencies) = postProject
		{18CF640F-17B3-48AF-A936-84042FF7AC58} = {18CF640F-17B3-48AF-A936-84042FF7AC58}
		{DD18C55E-AD58-4881-BAB8-91F41C5410BB} = {DD18C55E-AD58-4881-BAB8-91F41C5410BB}
	EndProjectSection
EndProject
Project("{8BC9CEB8-8B4A-11D0-8D11-00A0C91BC942}") = "ndmpic", "unittests\ndmpic\ndmpic.vcxproj", "{28EB189D-7522-4955-9B9D-CFD37EFA146C}"
	ProjectSection(ProjectDependencies) = postProject
		{18CF640F-17B3-48AF-A936-84042FF7AC58} = {18CF640F-17B3-48AF-A936-84042FF7AC58}
		{DD18C55E-AD58-4881-BAB8-91F41C5410BB} = {DD18C55E-AD58-4881-BAB8-91F41C5410BB}
	EndProjectSection
EndProject
Project("{8BC9CEB8-8B4A-11D0-8D11-00A0C91BC942}") = "ndmval", "unittests\ndmval\ndmval.vcxproj", "{0401631E-54B5-4445-A2E1-FAD4143F74FE}"
	ProjectSection(ProjectDependencies) = postProject
		{18CF640F-17B3-48AF-A936-84042FF7AC58} = {18CF640F-17B3-48AF-A936-84042FF7AC58}
		{DD18C55E-AD58-4881-BAB8-91F41C5410BB} = {DD18C55E-AD58-4881-BAB8-91F41C5410BB}
	EndProjectSection
EndProject
Project("{8BC9CEB8-8B4A-11D0-8D11-00A0C91BC942}") = "ndmw", "unittests\ndmw\ndmw.vcxproj", "{DE5B13C5-65D5-4F5D-B92A-228BE4415318}"
	ProjectSection(ProjectDependencies) = postProject
		{18CF640F-17B3-48AF-A936-84042FF7AC58} = {18CF640F-17B3-48AF-A936-84042FF7AC58}
		{DD18C55E-AD58-4881-BAB8-91F41C5410BB} = {DD18C55E-AD58-4881-BAB8-91F41C5410BB}
	EndProjectSection
EndProject
Global
	GlobalSection(SolutionConfigurationPlatforms) = preSolution
		Debug|ARM64 = Debug|ARM64
		Debug|x64 = Debug|x64
		Debug|x86 = Debug|x86
		Release|ARM64 = Release|ARM64
		Release|x64 = Release|x64
		Release|x86 = Release|x86
	EndGlobalSection
	GlobalSection(ProjectConfigurationPlatforms) = postSolution
		{DD18C55E-AD58-4881-BAB8-91F41C5410BB}.Debug|ARM64.ActiveCfg = Debug|ARM64
		{DD18C55E-AD58-4881-BAB8-91F41C5410BB}.Debug|ARM64.Build.0 = Debug|ARM64
		{DD18C55E-AD58-4881-BAB8-91F41C5410BB}.Debug|x64.ActiveCfg = Debug|x64
		{DD18C55E-AD58-4881-BAB8-91F41C5410BB}.Debug|x64.Build.0 = Debug|x64
		{DD18C55E-AD58-4881-BAB8-91F41C5410BB}.Debug|x86.ActiveCfg = Debug|Win32
		{DD18C55E-AD58-4881-BAB8-91F41C5410BB}.Debug|x86.Build.0 = Debug|Win32
		{DD18C55E-AD58-4881-BAB8-91F41C5410BB}.Release|ARM64.ActiveCfg = Release|ARM64
		{DD18C55E-AD58-4881-BAB8-91F41C5410BB}.Release|ARM64.Build.0 = Release|ARM64
		{DD18C55E-AD58-4881-BAB8-91F41C5410BB}.Release|x64.ActiveCfg = Release|x64
		{DD18C55E-AD58-4881-BAB8-91F41C5410BB}.Release|x64.Build.0 = Release|x64
		{DD18C55E-AD58-4881-BAB8-91F41C5410BB}.Release|x86.ActiveCfg = Release|Win32
		{DD18C55E-AD58-4881-BAB8-91F41C5410BB}.Release|x86.Build.0 = Release|Win32
		{18CF640F-17B3-48AF-A936-84042FF7AC58}.Debug|ARM64.ActiveCfg = Debug|ARM64
		{18CF640F-17B3-48AF-A936-84042FF7AC58}.Debug|ARM64.Build.0 = Debug|ARM64
		{18CF640F-17B3-48AF-A936-84042FF7AC58}.Debug|x64.ActiveCfg = Debug|x64
		{18CF640F-17B3-48AF-A936-84042FF7AC58}.Debug|x64.Build.0 = Debug|x64
		{18CF640F-17B3-48AF-A936-84042FF7AC58}.Debug|x86.ActiveCfg = Debug|Win32
		{18CF640F-17B3-48AF-A936-84042FF7AC58}.Debug|x86.Build.0 = Debug|Win32
		{18CF640F-17B3-48AF-A936-84042FF7AC58}.Release|ARM64.ActiveCfg = Release|ARM64
		{18CF640F-17B3-48AF-A936-84042FF7AC58}.Release|ARM64.Build.0 = Release|ARM64
		{18CF640F-17B3-48AF-A936-84042FF7AC58}.Release|x64.ActiveCfg = Release|x64
		{18CF640F-17B3-48AF-A936-84042FF7AC58}.Release|x64.Build.0 = Release|x64
		{18CF640F-17B3-48AF-A936-84042FF7AC58}.Release|x86.ActiveCfg = Release|Win32
		{18CF640F-17B3-48AF-A936-84042FF7AC58}.Release|x86.Build.0 = Release|Win32
		{FD8218C4-7D3A-4EE9-9262-02E9631E7CB6}.Debug|ARM64.ActiveCfg = Debug|ARM64
		{FD8218C4-7D3A-4EE9-9262-02E9631E7CB6}.Debug|ARM64.Build.0 = Debug|ARM64
		{FD8218C4-7D3A-4EE9-9262-02E9631E7CB6}.Debug|x64.ActiveCfg = Debug|x64
		{FD8218C4-7D3A-4EE9-9262-02E9631E7CB6}.Debug|x64.Build.0 = Debug|x64
		{FD8218C4-7D3A-4EE9-9262-02E9631E7CB6}.Debug|x86.ActiveCfg = Debug|Win32
		{FD8218C4-7D3A-4EE9-9262-02E9631E7CB6}.Debug|x86.Build.0 = Debug|Win32
		{FD8218C4-7D3A-4EE9-9262-02E9631E7CB6}.Release|ARM64.ActiveCfg = Release|ARM64
		{FD8218C4-7D3A-4EE9-9262-02E9631E7CB6}.Release|ARM64.Build.0 = Release|ARM64
		{FD8218C4-7D3A-4EE9-9262-02E9631E7CB6}.Release|x64.ActiveCfg = Release|x64
		{FD8218C4-7D3A-4EE9-9262-02E9631E7CB6}.Release|x64.Build.0 = Release|x64
		{FD8218C4-7D3A-4EE9-9262-02E9631E7CB6}.Release|x86.ActiveCfg = Release|Win32
		{FD8218C4-7D3A-4EE9-9262-02E9631E7CB6}.Release|x86.Build.0 = Release|Win32
		{F8BB9B41-CD6B-4C1C-84C1-68D200B19952}.Debug|ARM64.ActiveCfg = Debug|ARM64
		{F8BB9B41-CD6B-4C1C-84C1-68D200B19952}.Debug|ARM64.Build.0 = Debug|ARM64
		{F8BB9B41-CD6B-4C1C-84C1-68D200B19952}.Debug|x64.ActiveCfg = Debug|x64
		{F8BB9B41-CD6B-4C1C-84C1-68D200B19952}.Debug|x64.Build.0 = Debug|x64
		{F8BB9B41-CD6B-4C1C-84C1-68D200B19952}.Debug|x86.ActiveCfg = Debug|Win32
		{F8BB9B41-CD6B-4C1C-84C1-68D200B19952}.Debug|x86.Build.0 = Debug|Win32
		{F8BB9B41-CD6B-4C1C-84C1-68D200B19952}.Release|ARM64.ActiveCfg = Release|ARM64
		{F8BB9B41-CD6B-4C1C-84C1-68D200B19952}.Release|ARM64.Build.0 = Release|ARM64
		{F8BB9B41-CD6B-4C1C-84C1-68D200B19952}.Release|x64.ActiveCfg = Release|x64
		{F8BB9B41-CD6B-4C1C-84C1-68D200B19952}.Release|x64.Build.0 = Release|x64
		{F8BB9B41-CD6B-4C1C-84C1-68D200B19952}.Release|x86.ActiveCfg = Release|Win32
		{F8BB9B41-CD6B-4C1C-84C1-68D200B19952}.Release|x86.Build.0 = Release|Win32
		{CB0E86C1-D48A-4A21-B88B-A6EE9734FC67}.Debug|ARM64.ActiveCfg = Debug|ARM64
		{CB0E86C1-D48A-4A21-B88B-A6EE9734FC67}.Debug|ARM64.Build.0 = Debug|ARM64
		{CB0E86C1-D48A-4A21-B88B-A6EE9734FC67}.Debug|x64.ActiveCfg = Debug|x64
		{CB0E86C1-D48A-4A21-B88B-A6EE9734FC67}.Debug|x64.Build.0 = Debug|x64
		{CB0E86C1-D48A-4A21-B88B-A6EE9734FC67}.Debug|x86.ActiveCfg = Debug|Win32
		{CB0E86C1-D48A-4A21-B88B-A6EE9734FC67}.Debug|x86.Build.0 = Debug|Win32
		{CB0E86C1-D48A-4A21-B88B-A6EE9734FC67}.Release|ARM64.ActiveCfg = Release|ARM64
		{CB0E86C1-D48A-4A21-B88B-A6EE9734FC67}.Release|ARM64.Build.0 = Release|ARM64
		{CB0E86C1-D48A-4A21-B88B-A6EE9734FC67}.Release|x64.ActiveCfg = Release|x64
		{CB0E86C1-D48A-4A21-B88B-A6EE9734FC67}.Release|x64.Build.0 = Release|x64
		{CB0E86C1-D48A-4A21-B88B-A6EE9734FC67}.Release|x86.ActiveCfg = Release|Win32
		{CB0E86C1-D48A-4A21-B88B-A6EE9734FC67}.Release|x86.Build.0 = Release|Win32
		{7E8A3354-1EEB-4580-8B07-B9CEDF81F727}.Debug|ARM64.ActiveCfg = Debug|ARM64
		{7E8A3354-1EEB-4580-8B07-B9CEDF81F727}.Debug|ARM64.Build.0 = Debug|ARM64
		{7E8A3354-1EEB-4580-8B07-B9CEDF81F727}.Debug|x64.ActiveCfg = Debug|x64
		{7E8A3354-1EEB-4580-8B07-B9CEDF81F727}.Debug|x64.Build.0 = Debug|x64
		{7E8A3354-1EEB-4580-8B07-B9CEDF81F727}.Debug|x86.ActiveCfg = Debug|Win32
		{7E8A3354-1EEB-4580-8B07-B9CEDF81F727}.Debug|x86.Build.0 = Debug|Win32
		{7E8A3354-1EEB-4580-8B07-B9CEDF81F727}.Release|ARM64.ActiveCfg = Release|ARM64
		{7E8A3354-1EEB-4580-8B07-B9CEDF81F727}.Release|ARM64.Build.0 = Release|ARM64
		{7E8A3354-1EEB-4580-8B07-B9CEDF81F727}.Release|x64.ActiveCfg = Release|x64
		{7E8A3354-1EEB-4580-8B07-B9CEDF81F727}.Release|x64.Build.0 = Release|x64
		{7E8A3354-1EEB-4580-8B07-B9CEDF81F727}.Release|x86.ActiveCfg = Release|Win32
		{7E8A3354-1EEB-4580-8B07-B9CEDF81F727}.Release|x86.Build.0 = Release|Win32
		{3906A75A-0C0E-440D-A4FE-F91888425F4C}.Debug|ARM64.ActiveCfg = Debug|ARM64
		{3906A75A-0C0E-440D-A4FE-F91888425F4C}.Debug|ARM64.Build.0 = Debug|ARM64
		{3906A75A-0C0E-440D-A4FE-F91888425F4C}.Debug|x64.ActiveCfg = Debug|x64
		{3906A75A-0C0E-440D-A4FE-F91888425F4C}.Debug|x64.Build.0 = Debug|x64
		{3906A75A-0C0E-440D-A4FE-F91888425F4C}.Debug|x86.ActiveCfg = Debug|Win32
		{3906A75A-0C0E-440D-A4FE-F91888425F4C}.Debug|x86.Build.0 = Debug|Win32
		{3906A75A-0C0E-440D-A4FE-F91888425F4C}.Release|ARM64.ActiveCfg = Release|ARM64
		{3906A75A-0C0E-440D-A4FE-F91888425F4C}.Release|ARM64.Build.0 = Release|ARM64
		{3906A75A-0C0E-440D-A4FE-F91888425F4C}.Release|x64.ActiveCfg = Release|x64
		{3906A75A-0C0E-440D-A4FE-F91888425F4C}.Release|x64.Build.0 = Release|x64
		{3906A75A-0C0E-440D-A4FE-F91888425F4C}.Release|x86.ActiveCfg = Release|Win32
		{3906A75A-0C0E-440D-A4FE-F91888425F4C}.Release|x86.Build.0 = Release|Win32
		{DF2C2C46-F5C9-4E74-A903-67D93D4157A5}.Debug|ARM64.ActiveCfg = Debug|ARM64
		{DF2C2C46-F5C9-4E74-A903-67D93D4157A5}.Debug|ARM64.Build.0 = Debug|ARM64
		{DF2C2C46-F5C9-4E74-A903-67D93D4157A5}.Debug|x64.ActiveCfg = Debug|x64
		{DF2C2C46-F5C9-4E74-A903-67D93D4157A5}.Debug|x64.Build.0 = Debug|x64
		{DF2C2C46-F5C9-4E74-A903-67D93D4157A5}.Debug|x86.ActiveCfg = Debug|Win32
		{DF2C2C46-F5C9-4E74-A903-67D93D4157A5}.Debug|x86.Build.0 = Debug|Win32
		{DF2C2C46-F5C9-4E74-A903-67D93D4157A5}.Release|ARM64.ActiveCfg = Release|ARM64
		{DF2C2C46-F5C9-4E74-A903-67D93D4157A5}.Release|ARM64.Build.0 = Release|ARM64
		{DF2C2C46-F5C9-4E74-A903-67D93D4157A5}.Release|x64.ActiveCfg = Release|x64
		{DF2C2C46-F5C9-4E74-A903-67D93D4157A5}.Release|x64.Build.0 = Release|x64
		{DF2C2C46-F5C9-4E74-A903-67D93D4157A5}.Release|x86.ActiveCfg = Release|Win32
		{DF2C2C46-F5C9-4E74-A903-67D93D4157A5}.Release|x86.Build.0 = Release|Win32
		{48E4E74B-9F0C-4B5C-A2BC-EBC4397086F7}.Debug|ARM64.ActiveCfg = Debug|ARM64
		{48E4E74B-9F0C-4B5C-A2BC-EBC4397086F7}.Debug|ARM64.Build.0 = Debug|ARM64
		{48E4E74B-9F0C-4B5C-A2BC-EBC4397086F7}.Debug|x64.ActiveCfg = Debug|x64
		{48E4E74B-9F0C-4B5C-A2BC-EBC4397086F7}.Debug|x64.Build.0 = Debug|x64
		{48E4E74B-9F0C-4B5C-A2BC-EBC4397086F7}.Debug|x86.ActiveCfg = Debug|Win32
		{48E4E74B-9F0C-4B5C-A2BC-EBC4397086F7}.Debug|x86.Build.0 = Debug|Win32
		{48E4E74B-9F0C-4B5C-A2BC-EBC4397086F7}.Release|ARM64.ActiveCfg = Release|ARM64
		{48E4E74B-9F0C-4B5C-A2BC-EBC4397086F7}.Release|ARM64.Build.0 = Release|ARM64
		{48E4E74B-9F0C-4B5C-A2BC-EBC4397086F7}.Release|x64.ActiveCfg = Release|x64
		{48E4E74B-9F0C-4B5C-A2BC-EBC4397086F7}.Release|x64.Build.0 = Release|x64
		{48E4E74B-9F0C-4B5C-A2BC-EBC4397086F7}.Release|x86.ActiveCfg = Release|Win32
		{48E4E74B-9F0C-4B5C-A2BC-EBC4397086F7}.Release|x86.Build.0 = Release|Win32
		{0A036D35-FEE2-426D-9FC1-3694B8C15418}.Debug|ARM64.ActiveCfg = Debug|ARM64
		{0A036D35-FEE2-426D-9FC1-3694B8C15418}.Debug|ARM64.Build.0 = Debug|ARM64
		{0A036D35-FEE2-426D-9FC1-3694B8C15418}.Debug|x64.ActiveCfg = Debug|x64
		{0A036D35-FEE2-426D-9FC1-3694B8C15418}.Debug|x64.Build.0 = Debug|x64
		{0A036D35-FEE2-426D-9FC1-3694B8C15418}.Debug|x86.ActiveCfg = Debug|Win32
		{0A036D35-FEE2-426D-9FC1-3694B8C15418}.Debug|x86.Build.0 = Debug|Win32
		{0A036D35-FEE2-426D-9FC1-3694B8C15418}.Release|ARM64.ActiveCfg = Release|ARM64
		{0A036D35-FEE2-426D-9FC1-3694B8C15418}.Release|ARM64.Build.0 = Release|ARM64
		{0A036D35-FEE2-426D-9FC1-3694B8C15418}.Release|x64.ActiveCfg = Release|x64
		{0A036D35-FEE2-426D-9FC1-3694B8C15418}.Release|x64.Build.0 = Release|x64
		{0A036D35-FEE2-426D-9FC1-3694B8C15418}.Release|x86.ActiveCfg = Release|Win32
		{0A036D35-FEE2-426D-9FC1-3694B8C15418}.Release|x86.Build.0 = Release|Win32
		{5C35FC76-6526-4C6C-97A4-957E3A3ADA77}.Debug|ARM64.ActiveCfg = Debug|ARM64
		{5C35FC76-6526-4C6C-97A4-957E3A3ADA77}.Debug|ARM64.Build.0 = Debug|ARM64
		{5C35FC76-6526-4C6C-97A4-957E3A3ADA77}.Debug|x64.ActiveCfg = Debug|x64
		{5C35FC76-6526-4C6C-97A4-957E3A3ADA77}.Debug|x64.Build.0 = Debug|x64
		{5C35FC76-6526-4C6C-97A4-957E3A3ADA77}.Debug|x86.ActiveCfg = Debug|Win32
		{5C35FC76-6526-4C6C-97A4-957E3A3ADA77}.Debug|x86.Build.0 = Debug|Win32
		{5C35FC76-6526-4C6C-97A4-957E3A3ADA77}.Release|ARM64.ActiveCfg = Release|ARM64
		{5C35FC76-6526-4C6C-97A4-957E3A3ADA77}.Release|ARM64.Build.0 = Release|ARM64
		{5C35FC76-6526-4C6C-97A4-957E3A3ADA77}.Release|x64.ActiveCfg = Release|x64
		{5C35FC76-6526-4C6C-97A4-957E3A3ADA77}.Release|x64.Build.0 = Release|x64
		{5C35FC76-6526-4C6C-97A4-957E3A3ADA77}.Release|x86.ActiveCfg = Release|Win32
		{5C35FC76-6526-4C6C-97A4-957E3A3ADA77}.Release|x86.Build.0 = Release|Win32
		{1B9CE6D3-B27A-4E94-9D06-E8493732B0C5}.Debug|ARM64.ActiveCfg = Debug|ARM64
		{1B9CE6D3-B27A-4E94-9D06-E8493732B0C5}.Debug|ARM64.Build.0 = Debug|ARM64
		{1B9CE6D3-B27A-4E94-9D06-E8493732B0C5}.Debug|x64.ActiveCfg = Debug|x64
		{1B9CE6D3-B27A-4E94-9D06-E8493732B0C5}.Debug|x64.Build.0 = Debug|x64
		{1B9CE6D3-B27A-4E94-9D06-E8493732B0C5}.Debug|x86.ActiveCfg = Debug|Win32
		{1B9CE6D3-B27A-4E94-9D06-E8493732B0C5}.Debug|x86.Build.0 = Debug|Win32
		{1B9CE6D3-B27A-4E94-9D06-E8493732B0C5}.Release|ARM64.ActiveCfg = Release|ARM64
		{1B9CE6D3-B27A-4E94-9D06-E8493732B0C5}.Release|ARM64.Build.0 = Release|ARM64
		{1B9CE6D3-B27A-4E94-9D06-E8493732B0C5}.Release|x64.ActiveCfg = Release|x64
		{1B9CE6D3-B27A-4E94-9D06-E8493732B0C5}.Release|x64.Build.0 = Release|x64
		{1B9CE6D3-B27A-4E94-9D06-E8493732B0C5}.Release|x86.ActiveCfg = Release|Win32
		{1B9CE6D3-B27A-4E94-9D06-E8493732B0C5}.Release|x86.Build.0 = Release|Win32
		{067C13D4-885A-4DB7-BEB9-1DD973E5D959}.Debug|ARM64.ActiveCfg = Debug|ARM64
		{067C13D4-885A-4DB7-BEB9-1DD973E5D959}.Debug|ARM64.Build.0 = Debug|ARM64
		{067C13D4-885A-4DB7-BEB9-1DD973E5D959}.Debug|x64.ActiveCfg = Debug|x64
		{067C13D4-885A-4DB7-BEB9-1DD973E5D959}.Debug|x64.Build.0 = Debug|x64
		{067C13D4-885A-4DB7-BEB9-1DD973E5D959}.Debug|x86.ActiveCfg = Debug|Win32
		{067C13D4-885A-4DB7-BEB9-1DD973E5D959}.Debug|x86.Build.0 = Debug|Win32
		{067C13D4-885A-4DB7-BEB9-1DD973E5D959}.Release|ARM64.ActiveCfg = Release|ARM64
		{067C13D4-885A-4DB7-BEB9-1DD973E5D959}.Release|ARM64.Build.0 = Release|ARM64
		{067C13D4-885A-4DB7-BEB9-1DD973E5D959}.Release|x64.ActiveCfg = Release|x64
		{067C13D4-885A-4DB7-BEB9-1DD973E5D959}.Release|x64.Build.0 = Release|x64
		{067C13D4-885A-4DB7-BEB9-1DD973E5D959}.Release|x86.ActiveCfg = Release|Win32
		{067C13D4-885A-4DB7-BEB9-1DD973E5D959}.Release|x86.Build.0 = Release|Win32
		{28EB189D-7522-4955-9B9D-CFD37EFA146C}.Debug|ARM64.ActiveCfg = Debug|ARM64
		{28EB189D-7522-4955-9B9D-CFD37EFA146C}.Debug|ARM64.Build.0 = Debug|ARM64
		{28EB189D-7522-4955-9B9D-CFD37EFA146C}.Debug|x64.ActiveCfg = Debug|x64
		{28EB189D-7522-4955-9B9D-CFD37EFA146C}.Debug|x64.Build.0 = Debug|x64
		{28EB189D-7522-4955-9B9D-CFD37EFA146C}.Debug|x86.ActiveCfg = Debug|Win32
		{28EB189D-7522-4955-9B9D-CFD37EFA146C}.Debug|x86.Build.0 = Debug|Win32
		{28EB189D-7522-4955-9B9D-CFD37EFA146C}.Release|ARM64.ActiveCfg = Release|ARM64
		{28EB189D-7522-4955-9B9D-CFD37EFA146C}.Release|ARM64.Build.0 = Release|ARM64
		{28EB189D-7522-4955-9B9D-CFD37EFA146C}.Release|x64.ActiveCfg = Release|x64
		{28EB189D-7522-4955-9B9D-CFD37EFA146C}.Release|x64.Build.0 = Release|x64
		{28EB189D-7522-4955-9B9D-CFD37EFA146C}.Release|x86.ActiveCfg = Release|Win32
		{28EB189D-7522-4955-9B9D-CFD37EFA146C}.Release|x86.Build.0 = Release|Win32
		{0401631E-54B5-4445-A2E1-FAD4143F74FE}.Debug|ARM64.ActiveCfg = Debug|ARM64
		{0401631E-54B5-4445-A2E1-FAD4143F74FE}.Debug|ARM64.Build.0 = Debug|ARM64
		{0401631E-54B5-4445-A2E1-FAD4143F74FE}.Debug|x64.ActiveCfg = Debug|x64
		{0401631E-54B5-4445-A2E1-FAD4143F74FE}.Debug|x64.Build.0 = Debug|x64
		{0401631E-54B5-4445-A2E1-FAD4143F74FE}.Debug|x86.ActiveCfg = Debug|Win32
		{0401631E-54B5-4445-A2E1-FAD4143F74FE}.Debug|x86.Build.0 = Debug|Win32
		{0401631E-54B5-4445-A2E1-FAD4143F74FE}.Release|ARM64.ActiveCfg = Release|ARM64
		{0401631E-54B5-4445-A2E1-FAD4143F74FE}.Release|ARM64.Build.0 = Release|ARM64
		{0401631E-54B5-4445-A2E1-FAD4143F74FE}.Release|x64.ActiveCfg = Release|x64
		{0401631E-54B5-4445-A2E1-FAD4143F74FE}.Release|x64.Build.0 = Release|x64
		{0401631E-54B5-4445-A2E1-FAD4143F74FE}.Release|x86.ActiveCfg = Release|Win32
		{0401631E-54B5-4445-A2E1-FAD4143F74FE}.Release|x86.Build.0 = Release|Win32
		{DE5B13C5-65D5-4F5D-B92A-228BE4415318}.Debug|ARM64.ActiveCfg = Debug|ARM64
		{DE5B13C5-65D5-4F5D-B92A-228BE4415318}.Debug|ARM64.Build.0 = Debug|ARM64
		{DE5B13C5-65D5-4F5D-B92A-228BE4415318}.Debug|x64.ActiveCfg = Debug|x64
		{DE5B13C5-65D5-4F5D-B92A-228BE4415318}.Debug|x64.Build.0 = Debug|x64
		{DE5B13C5-65D5-4F5D-B92A-228BE4415318}.Debug|x86.ActiveCfg = Debug|Win32
		{DE5B13C5-65D5-4F5D-B92A-228BE4415318}.Debug|x86.Build.0 = Debug|Win32
		{DE5B13C5-65D5-4F5D-B92A-228BE4415318}.Release|ARM64.ActiveCfg = Release|ARM64
		{DE5B13C5-65D5-4F5D-B92A-228BE4415318}.Release|ARM64.Build.0 = Release|ARM64
		{DE5B13C5-65D5-4F5D-B92A-228BE4415318}.Release|x64.ActiveCfg = Release|x64
		{DE5B13C5-65D5-4F5D-B92A-228BE4415318}.Release|x64.Build.0 = Release|x64
		{DE5B13C5-65D5-4F5D-B92A-228BE4415318}.Release|x86.ActiveCfg = Release|Win32
		{DE5B13C5-65D5-4F5D-B92A-228BE4415318}.Release|x86.Build.0 = Release|Win32
	EndGlobalSection
	GlobalSection(SolutionProperties) = preSolution
		HideSolutionNode = FALSE
	EndGlobalSection
	GlobalSection(ExtensibilityGlobals) = postSolution
		SolutionGuid = {37347CE7-24EB-496D-A4A7-ED98B5D30CF6}
	EndGlobalSection
EndGlobal
